Microsoft Visual Studio Solution File, Format Version 8.00
Project("{8BC9CEB8-8B4A-11D0-8D11-00A0C91BC942}") = "OombiBasic", "OombiBasic\OombiBasic.vcproj", "{9BF967F3-13C9-4BFC-8C15-ADF915993F63}"
	ProjectSection(ProjectDependencies) = postProject
	EndProjectSection
EndProject
Project("{8BC9CEB8-8B4A-11D0-8D11-00A0C91BC942}") = "Sinhala_Oombi", "Sinhala_Oombi\Sinhala_Oombi.vcproj", "{1EC21106-2717-4E81-AA7B-DC6F7A855503}"
	ProjectSection(ProjectDependencies) = postProject
	EndProjectSection
EndProject
Global
	GlobalSection(SolutionConfiguration) = preSolution
		Debug = Debug
		Release = Release
	EndGlobalSection
	GlobalSection(ProjectConfiguration) = postSolution
		{9BF967F3-13C9-4BFC-8C15-ADF915993F63}.Debug.ActiveCfg = Debug|Win32
		{9BF967F3-13C9-4BFC-8C15-ADF915993F63}.Debug.Build.0 = Debug|Win32
		{9BF967F3-13C9-4BFC-8C15-ADF915993F63}.Release.ActiveCfg = Release|Win32
		{1EC21106-2717-4E81-AA7B-DC6F7A855503}.Debug.ActiveCfg = Debug|Win32
		{1EC21106-2717-4E81-AA7B-DC6F7A855503}.Debug.Build.0 = Debug|Win32
		{1EC21106-2717-4E81-AA7B-DC6F7A855503}.Release.ActiveCfg = Release|Win32
		{1EC21106-2717-4E81-AA7B-DC6F7A855503}.Release.Build.0 = Release|Win32
	EndGlobalSection
	GlobalSection(ExtensibilityGlobals) = postSolution
	EndGlobalSection
	GlobalSection(ExtensibilityAddIns) = postSolution
	EndGlobalSection
EndGlobal
