Microsoft Visual Studio Solution File, Format Version 12.00
# Visual Studio 14
VisualStudioVersion = 14.0.25420.1
MinimumVisualStudioVersion = 10.0.40219.1
Project("{8BC9CEB8-8B4A-11D0-8D11-00A0C91BC942}") = "OombiBasic", "OombiBasic\OombiBasic.vcxproj", "{9BF967F3-13C9-4BFC-8C15-ADF915993F63}"
EndProject
Project("{8BC9CEB8-8B4A-11D0-8D11-00A0C91BC942}") = "Sinhala_Oombi", "Sinhala_Oombi\Sinhala_Oombi.vcxproj", "{1EC21106-2717-4E81-AA7B-DC6F7A855503}"
EndProject
Global
	GlobalSection(SolutionConfigurationPlatforms) = preSolution
		Debug|x86 = Debug|x86
		Release|x86 = Release|x86
	EndGlobalSection
	GlobalSection(ProjectConfigurationPlatforms) = postSolution
		{9BF967F3-13C9-4BFC-8C15-ADF915993F63}.Debug|x86.ActiveCfg = Debug|Win32
		{9BF967F3-13C9-4BFC-8C15-ADF915993F63}.Debug|x86.Build.0 = Debug|Win32
		{9BF967F3-13C9-4BFC-8C15-ADF915993F63}.Release|x86.ActiveCfg = Release|Win32
		{1EC21106-2717-4E81-AA7B-DC6F7A855503}.Debug|x86.ActiveCfg = Debug|Win32
		{1EC21106-2717-4E81-AA7B-DC6F7A855503}.Debug|x86.Build.0 = Debug|Win32
		{1EC21106-2717-4E81-AA7B-DC6F7A855503}.Release|x86.ActiveCfg = Release|Win32
		{1EC21106-2717-4E81-AA7B-DC6F7A855503}.Release|x86.Build.0 = Release|Win32
	EndGlobalSection
	GlobalSection(SolutionProperties) = preSolution
		HideSolutionNode = FALSE
	EndGlobalSection
EndGlobal
