<?xml version="1.0" encoding="utf-8"?>
<Project ToolsVersion="4.0" xmlns="http://schemas.microsoft.com/developer/msbuild/2003">
  <ItemGroup>
    <Filter Include="Source Files">
      <UniqueIdentifier>{4FC737F1-C7A5-4376-A066-2A32D752A2FF}</UniqueIdentifier>
      <Extensions>cpp;c;cxx;def;odl;idl;hpj;bat;asm;asmx</Extensions>
    </Filter>
    <Filter Include="Header Files">
      <UniqueIdentifier>{93995380-89BD-4b04-88EB-625FBE52EBFB}</UniqueIdentifier>
      <Extensions>h;hpp;hxx;hm;inl;inc;xsd</Extensions>
    </Filter>
    <Filter Include="Resource Files">
      <UniqueIdentifier>{67DA6AB6-F800-4c08-8B7A-83BB121AAD01}</UniqueIdentifier>
      <Extensions>rc;ico;cur;bmp;dlg;rc2;rct;bin;rgs;gif;jpg;jpeg;jpe;resx</Extensions>
    </Filter>
    <Filter Include="cardDeck">
      <UniqueIdentifier>{d0386a8b-d82c-43e1-aa5e-89742ce061f5}</UniqueIdentifier>
    </Filter>
    <Filter Include="Sound">
      <UniqueIdentifier>{46b6d6b4-b73a-4050-acf3-769caa1f07b6}</UniqueIdentifier>
    </Filter>
  </ItemGroup>
  <ItemGroup>
    <ClCompile Include="About.cpp">
      <Filter>Source Files</Filter>
    </ClCompile>
    <ClCompile Include="Animation.cpp">
      <Filter>Source Files</Filter>
    </ClCompile>
    <ClCompile Include="CardDeck.cpp">
      <Filter>Source Files</Filter>
    </ClCompile>
    <ClCompile Include="Deck_Func.cpp">
      <Filter>Source Files</Filter>
    </ClCompile>
    <ClCompile Include="LastHand.cpp">
      <Filter>Source Files</Filter>
    </ClCompile>
    <ClCompile Include="main.cpp">
      <Filter>Source Files</Filter>
    </ClCompile>
    <ClCompile Include="Menu.cpp">
      <Filter>Source Files</Filter>
    </ClCompile>
    <ClCompile Include="MsgBox.cpp">
      <Filter>Source Files</Filter>
    </ClCompile>
    <ClCompile Include="Oombi_Play.cpp">
      <Filter>Source Files</Filter>
    </ClCompile>
    <ClCompile Include="Play_Win.cpp">
      <Filter>Source Files</Filter>
    </ClCompile>
    <ClCompile Include="Rhs_StatusBar.cpp">
      <Filter>Source Files</Filter>
    </ClCompile>
    <ClCompile Include="Win_Msgs.cpp">
      <Filter>Source Files</Filter>
    </ClCompile>
  </ItemGroup>
  <ItemGroup>
    <ClInclude Include="About.h">
      <Filter>Header Files</Filter>
    </ClInclude>
    <ClInclude Include="Animation.h">
      <Filter>Header Files</Filter>
    </ClInclude>
    <ClInclude Include="CardDeck.h">
      <Filter>Header Files</Filter>
    </ClInclude>
    <ClInclude Include="Common.h">
      <Filter>Header Files</Filter>
    </ClInclude>
    <ClInclude Include="Deck_Func.h">
      <Filter>Header Files</Filter>
    </ClInclude>
    <ClInclude Include="LastHand.h">
      <Filter>Header Files</Filter>
    </ClInclude>
    <ClInclude Include="Menu.h">
      <Filter>Header Files</Filter>
    </ClInclude>
    <ClInclude Include="MsgBox.h">
      <Filter>Header Files</Filter>
    </ClInclude>
    <ClInclude Include="MyWinTools.h">
      <Filter>Header Files</Filter>
    </ClInclude>
    <ClInclude Include="Oombi_Play.h">
      <Filter>Header Files</Filter>
    </ClInclude>
    <ClInclude Include="Play_Win.h">
      <Filter>Header Files</Filter>
    </ClInclude>
    <ClInclude Include="resource.h">
      <Filter>Header Files</Filter>
    </ClInclude>
    <ClInclude Include="Rhs_StatusBar.h">
      <Filter>Header Files</Filter>
    </ClInclude>
    <ClInclude Include="Win_Msgs.h">
      <Filter>Header Files</Filter>
    </ClInclude>
  </ItemGroup>
  <ItemGroup>
    <Image Include="Resource\Misc\Audio.ico">
      <Filter>Resource Files</Filter>
    </Image>
    <Image Include="Resource\Misc\Closed.ico">
      <Filter>Resource Files</Filter>
    </Image>
    <Image Include="Resource\Icon.ico">
      <Filter>Resource Files</Filter>
    </Image>
    <Image Include="Resource\CardPack\CARD_BACK.bmp">
      <Filter>cardDeck</Filter>
    </Image>
    <Image Include="Resource\CardPack\CLUBS.bmp">
      <Filter>cardDeck</Filter>
    </Image>
    <Image Include="Resource\CardPack\CLUBS_10.bmp">
      <Filter>cardDeck</Filter>
    </Image>
    <Image Include="Resource\CardPack\CLUBS_7.bmp">
      <Filter>cardDeck</Filter>
    </Image>
    <Image Include="Resource\CardPack\CLUBS_8.bmp">
      <Filter>cardDeck</Filter>
    </Image>
    <Image Include="Resource\CardPack\CLUBS_9.bmp">
      <Filter>cardDeck</Filter>
    </Image>
    <Image Include="Resource\CardPack\CLUBS_A.bmp">
      <Filter>cardDeck</Filter>
    </Image>
    <Image Include="Resource\CardPack\CLUBS_J.bmp">
      <Filter>cardDeck</Filter>
    </Image>
    <Image Include="Resource\CardPack\CLUBS_K.bmp">
      <Filter>cardDeck</Filter>
    </Image>
    <Image Include="Resource\CardPack\CLUBS_Q.bmp">
      <Filter>cardDeck</Filter>
    </Image>
    <Image Include="Resource\CardPack\DIAMOND.bmp">
      <Filter>cardDeck</Filter>
    </Image>
    <Image Include="Resource\CardPack\DIAMOND_10.bmp">
      <Filter>cardDeck</Filter>
    </Image>
    <Image Include="Resource\CardPack\DIAMOND_7.bmp">
      <Filter>cardDeck</Filter>
    </Image>
    <Image Include="Resource\CardPack\DIAMOND_8.bmp">
      <Filter>cardDeck</Filter>
    </Image>
    <Image Include="Resource\CardPack\DIAMOND_9.bmp">
      <Filter>cardDeck</Filter>
    </Image>
    <Image Include="Resource\CardPack\DIAMOND_A.bmp">
      <Filter>cardDeck</Filter>
    </Image>
    <Image Include="Resource\CardPack\DIAMOND_J.bmp">
      <Filter>cardDeck</Filter>
    </Image>
    <Image Include="Resource\CardPack\DIAMOND_K.bmp">
      <Filter>cardDeck</Filter>
    </Image>
    <Image Include="Resource\CardPack\DIAMOND_Q.bmp">
      <Filter>cardDeck</Filter>
    </Image>
    <Image Include="Resource\CardPack\HEART.bmp">
      <Filter>cardDeck</Filter>
    </Image>
    <Image Include="Resource\CardPack\HEART_10.bmp">
      <Filter>cardDeck</Filter>
    </Image>
    <Image Include="Resource\CardPack\HEART_7.bmp">
      <Filter>cardDeck</Filter>
    </Image>
    <Image Include="Resource\CardPack\HEART_8.bmp">
      <Filter>cardDeck</Filter>
    </Image>
    <Image Include="Resource\CardPack\HEART_9.bmp">
      <Filter>cardDeck</Filter>
    </Image>
    <Image Include="Resource\CardPack\HEART_A.bmp">
      <Filter>cardDeck</Filter>
    </Image>
    <Image Include="Resource\CardPack\HEART_J.bmp">
      <Filter>cardDeck</Filter>
    </Image>
    <Image Include="Resource\CardPack\HEART_K.bmp">
      <Filter>cardDeck</Filter>
    </Image>
    <Image Include="Resource\CardPack\HEART_Q.bmp">
      <Filter>cardDeck</Filter>
    </Image>
    <Image Include="Resource\CardPack\QUESTION.bmp">
      <Filter>cardDeck</Filter>
    </Image>
    <Image Include="Resource\CardPack\SPADE.bmp">
      <Filter>cardDeck</Filter>
    </Image>
    <Image Include="Resource\CardPack\SPADE_10.bmp">
      <Filter>cardDeck</Filter>
    </Image>
    <Image Include="Resource\CardPack\SPADE_7.bmp">
      <Filter>cardDeck</Filter>
    </Image>
    <Image Include="Resource\CardPack\SPADE_8.bmp">
      <Filter>cardDeck</Filter>
    </Image>
    <Image Include="Resource\CardPack\SPADE_9.bmp">
      <Filter>cardDeck</Filter>
    </Image>
    <Image Include="Resource\CardPack\SPADE_A.bmp">
      <Filter>cardDeck</Filter>
    </Image>
    <Image Include="Resource\CardPack\SPADE_J.bmp">
      <Filter>cardDeck</Filter>
    </Image>
    <Image Include="Resource\CardPack\SPADE_K.bmp">
      <Filter>cardDeck</Filter>
    </Image>
    <Image Include="Resource\CardPack\SPADE_Q.bmp">
      <Filter>cardDeck</Filter>
    </Image>
    <Image Include="Resource\CardPack\VELVET.bmp">
      <Filter>cardDeck</Filter>
    </Image>
  </ItemGroup>
  <ItemGroup>
    <ResourceCompile Include="Res.rc">
      <Filter>Resource Files</Filter>
    </ResourceCompile>
  </ItemGroup>
  <ItemGroup>
    <Media Include="Resource\Wave\CUT.wav">
      <Filter>Sound</Filter>
    </Media>
    <Media Include="Resource\Wave\DEAL.wav">
      <Filter>Sound</Filter>
    </Media>
    <Media Include="Resource\Wave\SELECT.wav">
      <Filter>Sound</Filter>
    </Media>
    <Media Include="Resource\Wave\STOP.wav">
      <Filter>Sound</Filter>
    </Media>
  </ItemGroup>
  <ItemGroup>
    <Font Include="Resource\Ks_ara.ttf" />
  </ItemGroup>
  <ItemGroup>
    <Text Include="Resource\Plus.txt" />
    <Text Include="Resource\Readme_En.txt" />
    <Text Include="Resource\VersionHistory.txt" />
  </ItemGroup>
</Project>